
Microsoft Visual Studio Solution File, Format Version 12.00
# Visual Studio 15
VisualStudioVersion = 15.0.27428.1
MinimumVisualStudioVersion = 10.0.40219.1
Project("{FAE04EC0-301F-11D3-BF4B-00C04F79EFBC}") = "week3", "week3\week3.csproj", "{474572B2-026D-461B-B383-371C3C71AE9F}"
EndProject
Global
	GlobalSection(SolutionConfigurationPlatforms) = preSolution
		Debug|Any CPU = Debug|Any CPU
		Release|Any CPU = Release|Any CPU
	EndGlobalSection
	GlobalSection(ProjectConfigurationPlatforms) = postSolution
		{474572B2-026D-461B-B383-371C3C71AE9F}.Debug|Any CPU.ActiveCfg = Debug|Any CPU
		{474572B2-026D-461B-B383-371C3C71AE9F}.Debug|Any CPU.Build.0 = Debug|Any CPU
		{474572B2-026D-461B-B383-371C3C71AE9F}.Release|Any CPU.ActiveCfg = Release|Any CPU
		{474572B2-026D-461B-B383-371C3C71AE9F}.Release|Any CPU.Build.0 = Release|Any CPU
	EndGlobalSection
	GlobalSection(SolutionProperties) = preSolution
		HideSolutionNode = FALSE
	EndGlobalSection
	GlobalSection(ExtensibilityGlobals) = postSolution
		SolutionGuid = {801633FF-B7C4-449D-B21D-B9E12BB0E65D}
	EndGlobalSection
EndGlobal
